
Microsoft Visual Studio Solution File, Format Version 12.00
# Visual Studio Version 17
VisualStudioVersion = 17.8.34511.84
MinimumVisualStudioVersion = 10.0.40219.1
Project("{FAE04EC0-301F-11D3-BF4B-00C04F79EFBC}") = "AplicacionDeConsola", "AplicacionDeConsola\AplicacionDeConsola.csproj", "{EB4AB819-BCF3-4711-8A38-3456452E738C}"
EndProject
Global
	GlobalSection(SolutionConfigurationPlatforms) = preSolution
		Debug|Any CPU = Debug|Any CPU
		Release|Any CPU = Release|Any CPU
	EndGlobalSection
	GlobalSection(ProjectConfigurationPlatforms) = postSolution
		{EB4AB819-BCF3-4711-8A38-3456452E738C}.Debug|Any CPU.ActiveCfg = Debug|Any CPU
		{EB4AB819-BCF3-4711-8A38-3456452E738C}.Debug|Any CPU.Build.0 = Debug|Any CPU
		{EB4AB819-BCF3-4711-8A38-3456452E738C}.Release|Any CPU.ActiveCfg = Release|Any CPU
		{EB4AB819-BCF3-4711-8A38-3456452E738C}.Release|Any CPU.Build.0 = Release|Any CPU
	EndGlobalSection
	GlobalSection(SolutionProperties) = preSolution
		HideSolutionNode = FALSE
	EndGlobalSection
	GlobalSection(ExtensibilityGlobals) = postSolution
		SolutionGuid = {0001727D-C603-428C-9B2D-9DF9AB884B03}
	EndGlobalSection
EndGlobal
